// !$*UTF8*$!
{
	archiveVersion = 1;
	classes = {
	};
	objectVersion = 56;
	objects = {

/* Begin PBXBuildFile section */
		5D2E6FDC2B6C45F700DD5768 /* AppDelegate.swift in Sources */ = {isa = PBXBuildFile; fileRef = 5D2E6FDB2B6C45F700DD5768 /* AppDelegate.swift */; };
		5D2E6FDE2B6C45F700DD5768 /* SceneDelegate.swift in Sources */ = {isa = PBXBuildFile; fileRef = 5D2E6FDD2B6C45F700DD5768 /* SceneDelegate.swift */; };
		5D2E6FE02B6C45F700DD5768 /* ViewController.swift in Sources */ = {isa = PBXBuildFile; fileRef = 5D2E6FDF2B6C45F700DD5768 /* ViewController.swift */; };
		5D2E6FE32B6C45F700DD5768 /* Main.storyboard in Resources */ = {isa = PBXBuildFile; fileRef = 5D2E6FE12B6C45F700DD5768 /* Main.storyboard */; };
		5D2E6FE52B6C45F900DD5768 /* Assets.xcassets in Resources */ = {isa = PBXBuildFile; fileRef = 5D2E6FE42B6C45F900DD5768 /* Assets.xcassets */; };
		5D2E6FE82B6C45F900DD5768 /* LaunchScreen.storyboard in Resources */ = {isa = PBXBuildFile; fileRef = 5D2E6FE62B6C45F900DD5768 /* LaunchScreen.storyboard */; };
		8E816B832B87E36700839D6E /* GoogleService-Info.plist in Resources */ = {isa = PBXBuildFile; fileRef = 8E816B822B87E36700839D6E /* GoogleService-Info.plist */; };
		8E816B862B87E42D00839D6E /* FirebaseAnalytics in Frameworks */ = {isa = PBXBuildFile; productRef = 8E816B852B87E42D00839D6E /* FirebaseAnalytics */; };
		8E816B882B87E42D00839D6E /* FirebaseAnalyticsOnDeviceConversion in Frameworks */ = {isa = PBXBuildFile; productRef = 8E816B872B87E42D00839D6E /* FirebaseAnalyticsOnDeviceConversion */; };
		8E816B8A2B87E42D00839D6E /* FirebaseAnalyticsSwift in Frameworks */ = {isa = PBXBuildFile; productRef = 8E816B892B87E42D00839D6E /* FirebaseAnalyticsSwift */; };
		8E816B8C2B87E42D00839D6E /* FirebaseAnalyticsWithoutAdIdSupport in Frameworks */ = {isa = PBXBuildFile; productRef = 8E816B8B2B87E42D00839D6E /* FirebaseAnalyticsWithoutAdIdSupport */; };
		8E816B8E2B87E42D00839D6E /* FirebaseAppCheck in Frameworks */ = {isa = PBXBuildFile; productRef = 8E816B8D2B87E42D00839D6E /* FirebaseAppCheck */; };
		8E816B902B87E42D00839D6E /* FirebaseAppDistribution-Beta in Frameworks */ = {isa = PBXBuildFile; productRef = 8E816B8F2B87E42D00839D6E /* FirebaseAppDistribution-Beta */; };
		8E816B922B87E42D00839D6E /* FirebaseAuth in Frameworks */ = {isa = PBXBuildFile; productRef = 8E816B912B87E42D00839D6E /* FirebaseAuth */; };
		8E816B942B87E42D00839D6E /* FirebaseAuthCombine-Community in Frameworks */ = {isa = PBXBuildFile; productRef = 8E816B932B87E42D00839D6E /* FirebaseAuthCombine-Community */; };
		8E816B962B87E42D00839D6E /* FirebaseCrashlytics in Frameworks */ = {isa = PBXBuildFile; productRef = 8E816B952B87E42D00839D6E /* FirebaseCrashlytics */; };
		8E816B982B87E42D00839D6E /* FirebaseDatabase in Frameworks */ = {isa = PBXBuildFile; productRef = 8E816B972B87E42D00839D6E /* FirebaseDatabase */; };
		8E816B9A2B87E42D00839D6E /* FirebaseDatabaseSwift in Frameworks */ = {isa = PBXBuildFile; productRef = 8E816B992B87E42D00839D6E /* FirebaseDatabaseSwift */; };
		8E816B9C2B87E42D00839D6E /* FirebaseDynamicLinks in Frameworks */ = {isa = PBXBuildFile; productRef = 8E816B9B2B87E42D00839D6E /* FirebaseDynamicLinks */; };
		8E816B9E2B87E42D00839D6E /* FirebaseFirestore in Frameworks */ = {isa = PBXBuildFile; productRef = 8E816B9D2B87E42D00839D6E /* FirebaseFirestore */; };
		8E816BA02B87E42D00839D6E /* FirebaseFirestoreCombine-Community in Frameworks */ = {isa = PBXBuildFile; productRef = 8E816B9F2B87E42D00839D6E /* FirebaseFirestoreCombine-Community */; };
		8E816BA22B87E42D00839D6E /* FirebaseFirestoreSwift in Frameworks */ = {isa = PBXBuildFile; productRef = 8E816BA12B87E42D00839D6E /* FirebaseFirestoreSwift */; };
		8E816BA42B87E42D00839D6E /* FirebaseFunctions in Frameworks */ = {isa = PBXBuildFile; productRef = 8E816BA32B87E42D00839D6E /* FirebaseFunctions */; };
		8E816BA62B87E42D00839D6E /* FirebaseFunctionsCombine-Community in Frameworks */ = {isa = PBXBuildFile; productRef = 8E816BA52B87E42D00839D6E /* FirebaseFunctionsCombine-Community */; };
		8E816BA82B87E42D00839D6E /* FirebaseInAppMessaging-Beta in Frameworks */ = {isa = PBXBuildFile; productRef = 8E816BA72B87E42D00839D6E /* FirebaseInAppMessaging-Beta */; };
		8E816BAA2B87E42D00839D6E /* FirebaseInAppMessagingSwift-Beta in Frameworks */ = {isa = PBXBuildFile; productRef = 8E816BA92B87E42D00839D6E /* FirebaseInAppMessagingSwift-Beta */; };
		8E816BAC2B87E42D00839D6E /* FirebaseInstallations in Frameworks */ = {isa = PBXBuildFile; productRef = 8E816BAB2B87E42D00839D6E /* FirebaseInstallations */; };
		8E816BAE2B87E42D00839D6E /* FirebaseMLModelDownloader in Frameworks */ = {isa = PBXBuildFile; productRef = 8E816BAD2B87E42D00839D6E /* FirebaseMLModelDownloader */; };
		8E816BB02B87E42D00839D6E /* FirebaseMessaging in Frameworks */ = {isa = PBXBuildFile; productRef = 8E816BAF2B87E42D00839D6E /* FirebaseMessaging */; };
		8E816BB22B87E42D00839D6E /* FirebasePerformance in Frameworks */ = {isa = PBXBuildFile; productRef = 8E816BB12B87E42D00839D6E /* FirebasePerformance */; };
		8E816BB42B87E42D00839D6E /* FirebaseRemoteConfig in Frameworks */ = {isa = PBXBuildFile; productRef = 8E816BB32B87E42D00839D6E /* FirebaseRemoteConfig */; };
		8E816BB62B87E42D00839D6E /* FirebaseRemoteConfigSwift in Frameworks */ = {isa = PBXBuildFile; productRef = 8E816BB52B87E42D00839D6E /* FirebaseRemoteConfigSwift */; };
		8E816BB82B87E42D00839D6E /* FirebaseStorage in Frameworks */ = {isa = PBXBuildFile; productRef = 8E816BB72B87E42D00839D6E /* FirebaseStorage */; };
		8E816BBA2B87E42D00839D6E /* FirebaseStorageCombine-Community in Frameworks */ = {isa = PBXBuildFile; productRef = 8E816BB92B87E42D00839D6E /* FirebaseStorageCombine-Community */; };
		8E816BBE2B87F26600839D6E /* HomeViewController.swift in Sources */ = {isa = PBXBuildFile; fileRef = 8E816BBD2B87F26600839D6E /* HomeViewController.swift */; };
		8E816BC02B87F2FB00839D6E /* enumSegue.swift in Sources */ = {isa = PBXBuildFile; fileRef = 8E816BBF2B87F2FB00839D6E /* enumSegue.swift */; };
/* End PBXBuildFile section */

/* Begin PBXFileReference section */
		5D2E6FD82B6C45F700DD5768 /* InstaClone.app */ = {isa = PBXFileReference; explicitFileType = wrapper.application; includeInIndex = 0; path = InstaClone.app; sourceTree = BUILT_PRODUCTS_DIR; };
		5D2E6FDB2B6C45F700DD5768 /* AppDelegate.swift */ = {isa = PBXFileReference; lastKnownFileType = sourcecode.swift; path = AppDelegate.swift; sourceTree = "<group>"; };
		5D2E6FDD2B6C45F700DD5768 /* SceneDelegate.swift */ = {isa = PBXFileReference; lastKnownFileType = sourcecode.swift; path = SceneDelegate.swift; sourceTree = "<group>"; };
		5D2E6FDF2B6C45F700DD5768 /* ViewController.swift */ = {isa = PBXFileReference; lastKnownFileType = sourcecode.swift; path = ViewController.swift; sourceTree = "<group>"; };
		5D2E6FE22B6C45F700DD5768 /* Base */ = {isa = PBXFileReference; lastKnownFileType = file.storyboard; name = Base; path = Base.lproj/Main.storyboard; sourceTree = "<group>"; };
		5D2E6FE42B6C45F900DD5768 /* Assets.xcassets */ = {isa = PBXFileReference; lastKnownFileType = folder.assetcatalog; path = Assets.xcassets; sourceTree = "<group>"; };
		5D2E6FE72B6C45F900DD5768 /* Base */ = {isa = PBXFileReference; lastKnownFileType = file.storyboard; name = Base; path = Base.lproj/LaunchScreen.storyboard; sourceTree = "<group>"; };
		5D2E6FE92B6C45F900DD5768 /* Info.plist */ = {isa = PBXFileReference; lastKnownFileType = text.plist.xml; path = Info.plist; sourceTree = "<group>"; };
		8E816B822B87E36700839D6E /* GoogleService-Info.plist */ = {isa = PBXFileReference; fileEncoding = 4; lastKnownFileType = text.plist.xml; path = "GoogleService-Info.plist"; sourceTree = "<group>"; };
		8E816BBD2B87F26600839D6E /* HomeViewController.swift */ = {isa = PBXFileReference; lastKnownFileType = sourcecode.swift; path = HomeViewController.swift; sourceTree = "<group>"; };
		8E816BBF2B87F2FB00839D6E /* enumSegue.swift */ = {isa = PBXFileReference; lastKnownFileType = sourcecode.swift; path = enumSegue.swift; sourceTree = "<group>"; };
/* End PBXFileReference section */

/* Begin PBXFrameworksBuildPhase section */
		5D2E6FD52B6C45F700DD5768 /* Frameworks */ = {
			isa = PBXFrameworksBuildPhase;
			buildActionMask = 2147483647;
			files = (
				8E816B982B87E42D00839D6E /* FirebaseDatabase in Frameworks */,
				8E816BA62B87E42D00839D6E /* FirebaseFunctionsCombine-Community in Frameworks */,
				8E816B9E2B87E42D00839D6E /* FirebaseFirestore in Frameworks */,
				8E816B8A2B87E42D00839D6E /* FirebaseAnalyticsSwift in Frameworks */,
				8E816B862B87E42D00839D6E /* FirebaseAnalytics in Frameworks */,
				8E816B882B87E42D00839D6E /* FirebaseAnalyticsOnDeviceConversion in Frameworks */,
				8E816BAE2B87E42D00839D6E /* FirebaseMLModelDownloader in Frameworks */,
				8E816BA22B87E42D00839D6E /* FirebaseFirestoreSwift in Frameworks */,
				8E816B8E2B87E42D00839D6E /* FirebaseAppCheck in Frameworks */,
				8E816B8C2B87E42D00839D6E /* FirebaseAnalyticsWithoutAdIdSupport in Frameworks */,
				8E816B922B87E42D00839D6E /* FirebaseAuth in Frameworks */,
				8E816B962B87E42D00839D6E /* FirebaseCrashlytics in Frameworks */,
				8E816BB62B87E42D00839D6E /* FirebaseRemoteConfigSwift in Frameworks */,
				8E816BA82B87E42D00839D6E /* FirebaseInAppMessaging-Beta in Frameworks */,
				8E816B9A2B87E42D00839D6E /* FirebaseDatabaseSwift in Frameworks */,
				8E816BA42B87E42D00839D6E /* FirebaseFunctions in Frameworks */,
				8E816BBA2B87E42D00839D6E /* FirebaseStorageCombine-Community in Frameworks */,
				8E816BB42B87E42D00839D6E /* FirebaseRemoteConfig in Frameworks */,
				8E816B902B87E42D00839D6E /* FirebaseAppDistribution-Beta in Frameworks */,
				8E816B942B87E42D00839D6E /* FirebaseAuthCombine-Community in Frameworks */,
				8E816BB22B87E42D00839D6E /* FirebasePerformance in Frameworks */,
				8E816BAA2B87E42D00839D6E /* FirebaseInAppMessagingSwift-Beta in Frameworks */,
				8E816BB82B87E42D00839D6E /* FirebaseStorage in Frameworks */,
				8E816B9C2B87E42D00839D6E /* FirebaseDynamicLinks in Frameworks */,
				8E816BA02B87E42D00839D6E /* FirebaseFirestoreCombine-Community in Frameworks */,
				8E816BB02B87E42D00839D6E /* FirebaseMessaging in Frameworks */,
				8E816BAC2B87E42D00839D6E /* FirebaseInstallations in Frameworks */,
			);
			runOnlyForDeploymentPostprocessing = 0;
		};
/* End PBXFrameworksBuildPhase section */

/* Begin PBXGroup section */
		5D2E6FCF2B6C45F700DD5768 = {
			isa = PBXGroup;
			children = (
				5D2E6FDA2B6C45F700DD5768 /* InstaClone */,
				5D2E6FD92B6C45F700DD5768 /* Products */,
			);
			sourceTree = "<group>";
		};
		5D2E6FD92B6C45F700DD5768 /* Products */ = {
			isa = PBXGroup;
			children = (
				5D2E6FD82B6C45F700DD5768 /* InstaClone.app */,
			);
			name = Products;
			sourceTree = "<group>";
		};
		5D2E6FDA2B6C45F700DD5768 /* InstaClone */ = {
			isa = PBXGroup;
			children = (
				5D2E6FDB2B6C45F700DD5768 /* AppDelegate.swift */,
				5D2E6FDD2B6C45F700DD5768 /* SceneDelegate.swift */,
				5D2E6FDF2B6C45F700DD5768 /* ViewController.swift */,
				5D2E6FE12B6C45F700DD5768 /* Main.storyboard */,
				5D2E6FE42B6C45F900DD5768 /* Assets.xcassets */,
				5D2E6FE62B6C45F900DD5768 /* LaunchScreen.storyboard */,
				5D2E6FE92B6C45F900DD5768 /* Info.plist */,
				8E816B822B87E36700839D6E /* GoogleService-Info.plist */,
				8E816BBD2B87F26600839D6E /* HomeViewController.swift */,
				8E816BBF2B87F2FB00839D6E /* enumSegue.swift */,
			);
			path = InstaClone;
			sourceTree = "<group>";
		};
/* End PBXGroup section */

/* Begin PBXNativeTarget section */
		5D2E6FD72B6C45F700DD5768 /* InstaClone */ = {
			isa = PBXNativeTarget;
			buildConfigurationList = 5D2E6FEC2B6C45F900DD5768 /* Build configuration list for PBXNativeTarget "InstaClone" */;
			buildPhases = (
				5D2E6FD42B6C45F700DD5768 /* Sources */,
				5D2E6FD52B6C45F700DD5768 /* Frameworks */,
				5D2E6FD62B6C45F700DD5768 /* Resources */,
			);
			buildRules = (
			);
			dependencies = (
				8E816BBC2B87E49500839D6E /* PBXTargetDependency */,
			);
			name = InstaClone;
			packageProductDependencies = (
				8E816B852B87E42D00839D6E /* FirebaseAnalytics */,
				8E816B872B87E42D00839D6E /* FirebaseAnalyticsOnDeviceConversion */,
				8E816B892B87E42D00839D6E /* FirebaseAnalyticsSwift */,
				8E816B8B2B87E42D00839D6E /* FirebaseAnalyticsWithoutAdIdSupport */,
				8E816B8D2B87E42D00839D6E /* FirebaseAppCheck */,
				8E816B8F2B87E42D00839D6E /* FirebaseAppDistribution-Beta */,
				8E816B912B87E42D00839D6E /* FirebaseAuth */,
				8E816B932B87E42D00839D6E /* FirebaseAuthCombine-Community */,
				8E816B952B87E42D00839D6E /* FirebaseCrashlytics */,
				8E816B972B87E42D00839D6E /* FirebaseDatabase */,
				8E816B992B87E42D00839D6E /* FirebaseDatabaseSwift */,
				8E816B9B2B87E42D00839D6E /* FirebaseDynamicLinks */,
				8E816B9D2B87E42D00839D6E /* FirebaseFirestore */,
				8E816B9F2B87E42D00839D6E /* FirebaseFirestoreCombine-Community */,
				8E816BA12B87E42D00839D6E /* FirebaseFirestoreSwift */,
				8E816BA32B87E42D00839D6E /* FirebaseFunctions */,
				8E816BA52B87E42D00839D6E /* FirebaseFunctionsCombine-Community */,
				8E816BA72B87E42D00839D6E /* FirebaseInAppMessaging-Beta */,
				8E816BA92B87E42D00839D6E /* FirebaseInAppMessagingSwift-Beta */,
				8E816BAB2B87E42D00839D6E /* FirebaseInstallations */,
				8E816BAD2B87E42D00839D6E /* FirebaseMLModelDownloader */,
				8E816BAF2B87E42D00839D6E /* FirebaseMessaging */,
				8E816BB12B87E42D00839D6E /* FirebasePerformance */,
				8E816BB32B87E42D00839D6E /* FirebaseRemoteConfig */,
				8E816BB52B87E42D00839D6E /* FirebaseRemoteConfigSwift */,
				8E816BB72B87E42D00839D6E /* FirebaseStorage */,
				8E816BB92B87E42D00839D6E /* FirebaseStorageCombine-Community */,
			);
			productName = InstaClone;
			productReference = 5D2E6FD82B6C45F700DD5768 /* InstaClone.app */;
			productType = "com.apple.product-type.application";
		};
/* End PBXNativeTarget section */

/* Begin PBXProject section */
		5D2E6FD02B6C45F700DD5768 /* Project object */ = {
			isa = PBXProject;
			attributes = {
				BuildIndependentTargetsInParallel = 1;
				LastSwiftUpdateCheck = 1430;
				LastUpgradeCheck = 1520;
				TargetAttributes = {
					5D2E6FD72B6C45F700DD5768 = {
						CreatedOnToolsVersion = 14.3;
					};
				};
			};
			buildConfigurationList = 5D2E6FD32B6C45F700DD5768 /* Build configuration list for PBXProject "InstaClone" */;
			compatibilityVersion = "Xcode 14.0";
			developmentRegion = en;
			hasScannedForEncodings = 0;
			knownRegions = (
				en,
				Base,
			);
			mainGroup = 5D2E6FCF2B6C45F700DD5768;
			packageReferences = (
				8E816B842B87E42D00839D6E /* XCRemoteSwiftPackageReference "firebase-ios-sdk" */,
			);
			productRefGroup = 5D2E6FD92B6C45F700DD5768 /* Products */;
			projectDirPath = "";
			projectRoot = "";
			targets = (
				5D2E6FD72B6C45F700DD5768 /* InstaClone */,
			);
		};
/* End PBXProject section */

/* Begin PBXResourcesBuildPhase section */
		5D2E6FD62B6C45F700DD5768 /* Resources */ = {
			isa = PBXResourcesBuildPhase;
			buildActionMask = 2147483647;
			files = (
				5D2E6FE82B6C45F900DD5768 /* LaunchScreen.storyboard in Resources */,
				8E816B832B87E36700839D6E /* GoogleService-Info.plist in Resources */,
				5D2E6FE52B6C45F900DD5768 /* Assets.xcassets in Resources */,
				5D2E6FE32B6C45F700DD5768 /* Main.storyboard in Resources */,
			);
			runOnlyForDeploymentPostprocessing = 0;
		};
/* End PBXResourcesBuildPhase section */

/* Begin PBXSourcesBuildPhase section */
		5D2E6FD42B6C45F700DD5768 /* Sources */ = {
			isa = PBXSourcesBuildPhase;
			buildActionMask = 2147483647;
			files = (
				5D2E6FE02B6C45F700DD5768 /* ViewController.swift in Sources */,
				5D2E6FDC2B6C45F700DD5768 /* AppDelegate.swift in Sources */,
				8E816BC02B87F2FB00839D6E /* enumSegue.swift in Sources */,
				5D2E6FDE2B6C45F700DD5768 /* SceneDelegate.swift in Sources */,
				8E816BBE2B87F26600839D6E /* HomeViewController.swift in Sources */,
			);
			runOnlyForDeploymentPostprocessing = 0;
		};
/* End PBXSourcesBuildPhase section */

/* Begin PBXTargetDependency section */
		8E816BBC2B87E49500839D6E /* PBXTargetDependency */ = {
			isa = PBXTargetDependency;
			productRef = 8E816BBB2B87E49500839D6E /* FirebaseAuth */;
		};
/* End PBXTargetDependency section */

/* Begin PBXVariantGroup section */
		5D2E6FE12B6C45F700DD5768 /* Main.storyboard */ = {
			isa = PBXVariantGroup;
			children = (
				5D2E6FE22B6C45F700DD5768 /* Base */,
			);
			name = Main.storyboard;
			sourceTree = "<group>";
		};
		5D2E6FE62B6C45F900DD5768 /* LaunchScreen.storyboard */ = {
			isa = PBXVariantGroup;
			children = (
				5D2E6FE72B6C45F900DD5768 /* Base */,
			);
			name = LaunchScreen.storyboard;
			sourceTree = "<group>";
		};
/* End PBXVariantGroup section */

/* Begin XCBuildConfiguration section */
		5D2E6FEA2B6C45F900DD5768 /* Debug */ = {
			isa = XCBuildConfiguration;
			buildSettings = {
				ALWAYS_SEARCH_USER_PATHS = NO;
				CLANG_ANALYZER_NONNULL = YES;
				CLANG_ANALYZER_NUMBER_OBJECT_CONVERSION = YES_AGGRESSIVE;
				CLANG_CXX_LANGUAGE_STANDARD = "gnu++20";
				CLANG_ENABLE_MODULES = YES;
				CLANG_ENABLE_OBJC_ARC = YES;
				CLANG_ENABLE_OBJC_WEAK = YES;
				CLANG_WARN_BLOCK_CAPTURE_AUTORELEASING = YES;
				CLANG_WARN_BOOL_CONVERSION = YES;
				CLANG_WARN_COMMA = YES;
				CLANG_WARN_CONSTANT_CONVERSION = YES;
				CLANG_WARN_DEPRECATED_OBJC_IMPLEMENTATIONS = YES;
				CLANG_WARN_DIRECT_OBJC_ISA_USAGE = YES_ERROR;
				CLANG_WARN_DOCUMENTATION_COMMENTS = YES;
				CLANG_WARN_EMPTY_BODY = YES;
				CLANG_WARN_ENUM_CONVERSION = YES;
				CLANG_WARN_INFINITE_RECURSION = YES;
				CLANG_WARN_INT_CONVERSION = YES;
				CLANG_WARN_NON_LITERAL_NULL_CONVERSION = YES;
				CLANG_WARN_OBJC_IMPLICIT_RETAIN_SELF = YES;
				CLANG_WARN_OBJC_LITERAL_CONVERSION = YES;
				CLANG_WARN_OBJC_ROOT_CLASS = YES_ERROR;
				CLANG_WARN_QUOTED_INCLUDE_IN_FRAMEWORK_HEADER = YES;
				CLANG_WARN_RANGE_LOOP_ANALYSIS = YES;
				CLANG_WARN_STRICT_PROTOTYPES = YES;
				CLANG_WARN_SUSPICIOUS_MOVE = YES;
				CLANG_WARN_UNGUARDED_AVAILABILITY = YES_AGGRESSIVE;
				CLANG_WARN_UNREACHABLE_CODE = YES;
				CLANG_WARN__DUPLICATE_METHOD_MATCH = YES;
				COPY_PHASE_STRIP = NO;
				DEBUG_INFORMATION_FORMAT = dwarf;
				ENABLE_STRICT_OBJC_MSGSEND = YES;
				ENABLE_TESTABILITY = YES;
				ENABLE_USER_SCRIPT_SANDBOXING = YES;
				GCC_C_LANGUAGE_STANDARD = gnu11;
				GCC_DYNAMIC_NO_PIC = NO;
				GCC_NO_COMMON_BLOCKS = YES;
				GCC_OPTIMIZATION_LEVEL = 0;
				GCC_PREPROCESSOR_DEFINITIONS = (
					"DEBUG=1",
					"$(inherited)",
				);
				GCC_WARN_64_TO_32_BIT_CONVERSION = YES;
				GCC_WARN_ABOUT_RETURN_TYPE = YES_ERROR;
				GCC_WARN_UNDECLARED_SELECTOR = YES;
				GCC_WARN_UNINITIALIZED_AUTOS = YES_AGGRESSIVE;
				GCC_WARN_UNUSED_FUNCTION = YES;
				GCC_WARN_UNUSED_VARIABLE = YES;
				IPHONEOS_DEPLOYMENT_TARGET = 16.4;
				MTL_ENABLE_DEBUG_INFO = INCLUDE_SOURCE;
				MTL_FAST_MATH = YES;
				ONLY_ACTIVE_ARCH = YES;
				SDKROOT = iphoneos;
				SWIFT_ACTIVE_COMPILATION_CONDITIONS = DEBUG;
				SWIFT_OPTIMIZATION_LEVEL = "-Onone";
			};
			name = Debug;
		};
		5D2E6FEB2B6C45F900DD5768 /* Release */ = {
			isa = XCBuildConfiguration;
			buildSettings = {
				ALWAYS_SEARCH_USER_PATHS = NO;
				CLANG_ANALYZER_NONNULL = YES;
				CLANG_ANALYZER_NUMBER_OBJECT_CONVERSION = YES_AGGRESSIVE;
				CLANG_CXX_LANGUAGE_STANDARD = "gnu++20";
				CLANG_ENABLE_MODULES = YES;
				CLANG_ENABLE_OBJC_ARC = YES;
				CLANG_ENABLE_OBJC_WEAK = YES;
				CLANG_WARN_BLOCK_CAPTURE_AUTORELEASING = YES;
				CLANG_WARN_BOOL_CONVERSION = YES;
				CLANG_WARN_COMMA = YES;
				CLANG_WARN_CONSTANT_CONVERSION = YES;
				CLANG_WARN_DEPRECATED_OBJC_IMPLEMENTATIONS = YES;
				CLANG_WARN_DIRECT_OBJC_ISA_USAGE = YES_ERROR;
				CLANG_WARN_DOCUMENTATION_COMMENTS = YES;
				CLANG_WARN_EMPTY_BODY = YES;
				CLANG_WARN_ENUM_CONVERSION = YES;
				CLANG_WARN_INFINITE_RECURSION = YES;
				CLANG_WARN_INT_CONVERSION = YES;
				CLANG_WARN_NON_LITERAL_NULL_CONVERSION = YES;
				CLANG_WARN_OBJC_IMPLICIT_RETAIN_SELF = YES;
				CLANG_WARN_OBJC_LITERAL_CONVERSION = YES;
				CLANG_WARN_OBJC_ROOT_CLASS = YES_ERROR;
				CLANG_WARN_QUOTED_INCLUDE_IN_FRAMEWORK_HEADER = YES;
				CLANG_WARN_RANGE_LOOP_ANALYSIS = YES;
				CLANG_WARN_STRICT_PROTOTYPES = YES;
				CLANG_WARN_SUSPICIOUS_MOVE = YES;
				CLANG_WARN_UNGUARDED_AVAILABILITY = YES_AGGRESSIVE;
				CLANG_WARN_UNREACHABLE_CODE = YES;
				CLANG_WARN__DUPLICATE_METHOD_MATCH = YES;
				COPY_PHASE_STRIP = NO;
				DEBUG_INFORMATION_FORMAT = "dwarf-with-dsym";
				ENABLE_NS_ASSERTIONS = NO;
				ENABLE_STRICT_OBJC_MSGSEND = YES;
				ENABLE_USER_SCRIPT_SANDBOXING = YES;
				GCC_C_LANGUAGE_STANDARD = gnu11;
				GCC_NO_COMMON_BLOCKS = YES;
				GCC_WARN_64_TO_32_BIT_CONVERSION = YES;
				GCC_WARN_ABOUT_RETURN_TYPE = YES_ERROR;
				GCC_WARN_UNDECLARED_SELECTOR = YES;
				GCC_WARN_UNINITIALIZED_AUTOS = YES_AGGRESSIVE;
				GCC_WARN_UNUSED_FUNCTION = YES;
				GCC_WARN_UNUSED_VARIABLE = YES;
				IPHONEOS_DEPLOYMENT_TARGET = 16.4;
				MTL_ENABLE_DEBUG_INFO = NO;
				MTL_FAST_MATH = YES;
				SDKROOT = iphoneos;
				SWIFT_COMPILATION_MODE = wholemodule;
				SWIFT_OPTIMIZATION_LEVEL = "-O";
				VALIDATE_PRODUCT = YES;
			};
			name = Release;
		};
		5D2E6FED2B6C45F900DD5768 /* Debug */ = {
			isa = XCBuildConfiguration;
			buildSettings = {
				ASSETCATALOG_COMPILER_APPICON_NAME = AppIcon;
				ASSETCATALOG_COMPILER_GLOBAL_ACCENT_COLOR_NAME = AccentColor;
				CODE_SIGN_STYLE = Automatic;
				CURRENT_PROJECT_VERSION = 1;
				GENERATE_INFOPLIST_FILE = YES;
				INFOPLIST_FILE = InstaClone/Info.plist;
				INFOPLIST_KEY_UIApplicationSupportsIndirectInputEvents = YES;
				INFOPLIST_KEY_UILaunchStoryboardName = LaunchScreen;
				INFOPLIST_KEY_UIMainStoryboardFile = Main;
				INFOPLIST_KEY_UISupportedInterfaceOrientations_iPad = "UIInterfaceOrientationPortrait UIInterfaceOrientationPortraitUpsideDown UIInterfaceOrientationLandscapeLeft UIInterfaceOrientationLandscapeRight";
				INFOPLIST_KEY_UISupportedInterfaceOrientations_iPhone = "UIInterfaceOrientationPortrait UIInterfaceOrientationLandscapeLeft UIInterfaceOrientationLandscapeRight";
				LD_RUNPATH_SEARCH_PATHS = (
					"$(inherited)",
					"@executable_path/Frameworks",
				);
				MARKETING_VERSION = 1.0;
				PRODUCT_BUNDLE_IDENTIFIER = sandeep.InstaClone;
				PRODUCT_NAME = "$(TARGET_NAME)";
				SWIFT_EMIT_LOC_STRINGS = YES;
				SWIFT_VERSION = 5.0;
				TARGETED_DEVICE_FAMILY = "1,2";
			};
			name = Debug;
		};
		5D2E6FEE2B6C45F900DD5768 /* Release */ = {
			isa = XCBuildConfiguration;
			buildSettings = {
				ASSETCATALOG_COMPILER_APPICON_NAME = AppIcon;
				ASSETCATALOG_COMPILER_GLOBAL_ACCENT_COLOR_NAME = AccentColor;
				CODE_SIGN_STYLE = Automatic;
				CURRENT_PROJECT_VERSION = 1;
				GENERATE_INFOPLIST_FILE = YES;
				INFOPLIST_FILE = InstaClone/Info.plist;
				INFOPLIST_KEY_UIApplicationSupportsIndirectInputEvents = YES;
				INFOPLIST_KEY_UILaunchStoryboardName = LaunchScreen;
				INFOPLIST_KEY_UIMainStoryboardFile = Main;
				INFOPLIST_KEY_UISupportedInterfaceOrientations_iPad = "UIInterfaceOrientationPortrait UIInterfaceOrientationPortraitUpsideDown UIInterfaceOrientationLandscapeLeft UIInterfaceOrientationLandscapeRight";
				INFOPLIST_KEY_UISupportedInterfaceOrientations_iPhone = "UIInterfaceOrientationPortrait UIInterfaceOrientationLandscapeLeft UIInterfaceOrientationLandscapeRight";
				LD_RUNPATH_SEARCH_PATHS = (
					"$(inherited)",
					"@executable_path/Frameworks",
				);
				MARKETING_VERSION = 1.0;
				PRODUCT_BUNDLE_IDENTIFIER = sandeep.InstaClone;
				PRODUCT_NAME = "$(TARGET_NAME)";
				SWIFT_EMIT_LOC_STRINGS = YES;
				SWIFT_VERSION = 5.0;
				TARGETED_DEVICE_FAMILY = "1,2";
			};
			name = Release;
		};
/* End XCBuildConfiguration section */

/* Begin XCConfigurationList section */
		5D2E6FD32B6C45F700DD5768 /* Build configuration list for PBXProject "InstaClone" */ = {
			isa = XCConfigurationList;
			buildConfigurations = (
				5D2E6FEA2B6C45F900DD5768 /* Debug */,
				5D2E6FEB2B6C45F900DD5768 /* Release */,
			);
			defaultConfigurationIsVisible = 0;
			defaultConfigurationName = Release;
		};
		5D2E6FEC2B6C45F900DD5768 /* Build configuration list for PBXNativeTarget "InstaClone" */ = {
			isa = XCConfigurationList;
			buildConfigurations = (
				5D2E6FED2B6C45F900DD5768 /* Debug */,
				5D2E6FEE2B6C45F900DD5768 /* Release */,
			);
			defaultConfigurationIsVisible = 0;
			defaultConfigurationName = Release;
		};
/* End XCConfigurationList section */

/* Begin XCRemoteSwiftPackageReference section */
		8E816B842B87E42D00839D6E /* XCRemoteSwiftPackageReference "firebase-ios-sdk" */ = {
			isa = XCRemoteSwiftPackageReference;
			repositoryURL = "https://github.com/firebase/firebase-ios-sdk";
			requirement = {
				kind = upToNextMajorVersion;
				minimumVersion = 10.21.0;
			};
		};
/* End XCRemoteSwiftPackageReference section */

/* Begin XCSwiftPackageProductDependency section */
		8E816B852B87E42D00839D6E /* FirebaseAnalytics */ = {
			isa = XCSwiftPackageProductDependency;
			package = 8E816B842B87E42D00839D6E /* XCRemoteSwiftPackageReference "firebase-ios-sdk" */;
			productName = FirebaseAnalytics;
		};
		8E816B872B87E42D00839D6E /* FirebaseAnalyticsOnDeviceConversion */ = {
			isa = XCSwiftPackageProductDependency;
			package = 8E816B842B87E42D00839D6E /* XCRemoteSwiftPackageReference "firebase-ios-sdk" */;
			productName = FirebaseAnalyticsOnDeviceConversion;
		};
		8E816B892B87E42D00839D6E /* FirebaseAnalyticsSwift */ = {
			isa = XCSwiftPackageProductDependency;
			package = 8E816B842B87E42D00839D6E /* XCRemoteSwiftPackageReference "firebase-ios-sdk" */;
			productName = FirebaseAnalyticsSwift;
		};
		8E816B8B2B87E42D00839D6E /* FirebaseAnalyticsWithoutAdIdSupport */ = {
			isa = XCSwiftPackageProductDependency;
			package = 8E816B842B87E42D00839D6E /* XCRemoteSwiftPackageReference "firebase-ios-sdk" */;
			productName = FirebaseAnalyticsWithoutAdIdSupport;
		};
		8E816B8D2B87E42D00839D6E /* FirebaseAppCheck */ = {
			isa = XCSwiftPackageProductDependency;
			package = 8E816B842B87E42D00839D6E /* XCRemoteSwiftPackageReference "firebase-ios-sdk" */;
			productName = FirebaseAppCheck;
		};
		8E816B8F2B87E42D00839D6E /* FirebaseAppDistribution-Beta */ = {
			isa = XCSwiftPackageProductDependency;
			package = 8E816B842B87E42D00839D6E /* XCRemoteSwiftPackageReference "firebase-ios-sdk" */;
			productName = "FirebaseAppDistribution-Beta";
		};
		8E816B912B87E42D00839D6E /* FirebaseAuth */ = {
			isa = XCSwiftPackageProductDependency;
			package = 8E816B842B87E42D00839D6E /* XCRemoteSwiftPackageReference "firebase-ios-sdk" */;
			productName = FirebaseAuth;
		};
		8E816B932B87E42D00839D6E /* FirebaseAuthCombine-Community */ = {
			isa = XCSwiftPackageProductDependency;
			package = 8E816B842B87E42D00839D6E /* XCRemoteSwiftPackageReference "firebase-ios-sdk" */;
			productName = "FirebaseAuthCombine-Community";
		};
		8E816B952B87E42D00839D6E /* FirebaseCrashlytics */ = {
			isa = XCSwiftPackageProductDependency;
			package = 8E816B842B87E42D00839D6E /* XCRemoteSwiftPackageReference "firebase-ios-sdk" */;
			productName = FirebaseCrashlytics;
		};
		8E816B972B87E42D00839D6E /* FirebaseDatabase */ = {
			isa = XCSwiftPackageProductDependency;
			package = 8E816B842B87E42D00839D6E /* XCRemoteSwiftPackageReference "firebase-ios-sdk" */;
			productName = FirebaseDatabase;
		};
		8E816B992B87E42D00839D6E /* FirebaseDatabaseSwift */ = {
			isa = XCSwiftPackageProductDependency;
			package = 8E816B842B87E42D00839D6E /* XCRemoteSwiftPackageReference "firebase-ios-sdk" */;
			productName = FirebaseDatabaseSwift;
		};
		8E816B9B2B87E42D00839D6E /* FirebaseDynamicLinks */ = {
			isa = XCSwiftPackageProductDependency;
			package = 8E816B842B87E42D00839D6E /* XCRemoteSwiftPackageReference "firebase-ios-sdk" */;
			productName = FirebaseDynamicLinks;
		};
		8E816B9D2B87E42D00839D6E /* FirebaseFirestore */ = {
			isa = XCSwiftPackageProductDependency;
			package = 8E816B842B87E42D00839D6E /* XCRemoteSwiftPackageReference "firebase-ios-sdk" */;
			productName = FirebaseFirestore;
		};
		8E816B9F2B87E42D00839D6E /* FirebaseFirestoreCombine-Community */ = {
			isa = XCSwiftPackageProductDependency;
			package = 8E816B842B87E42D00839D6E /* XCRemoteSwiftPackageReference "firebase-ios-sdk" */;
			productName = "FirebaseFirestoreCombine-Community";
		};
		8E816BA12B87E42D00839D6E /* FirebaseFirestoreSwift */ = {
			isa = XCSwiftPackageProductDependency;
			package = 8E816B842B87E42D00839D6E /* XCRemoteSwiftPackageReference "firebase-ios-sdk" */;
			productName = FirebaseFirestoreSwift;
		};
		8E816BA32B87E42D00839D6E /* FirebaseFunctions */ = {
			isa = XCSwiftPackageProductDependency;
			package = 8E816B842B87E42D00839D6E /* XCRemoteSwiftPackageReference "firebase-ios-sdk" */;
			productName = FirebaseFunctions;
		};
		8E816BA52B87E42D00839D6E /* FirebaseFunctionsCombine-Community */ = {
			isa = XCSwiftPackageProductDependency;
			package = 8E816B842B87E42D00839D6E /* XCRemoteSwiftPackageReference "firebase-ios-sdk" */;
			productName = "FirebaseFunctionsCombine-Community";
		};
		8E816BA72B87E42D00839D6E /* FirebaseInAppMessaging-Beta */ = {
			isa = XCSwiftPackageProductDependency;
			package = 8E816B842B87E42D00839D6E /* XCRemoteSwiftPackageReference "firebase-ios-sdk" */;
			productName = "FirebaseInAppMessaging-Beta";
		};
		8E816BA92B87E42D00839D6E /* FirebaseInAppMessagingSwift-Beta */ = {
			isa = XCSwiftPackageProductDependency;
			package = 8E816B842B87E42D00839D6E /* XCRemoteSwiftPackageReference "firebase-ios-sdk" */;
			productName = "FirebaseInAppMessagingSwift-Beta";
		};
		8E816BAB2B87E42D00839D6E /* FirebaseInstallations */ = {
			isa = XCSwiftPackageProductDependency;
			package = 8E816B842B87E42D00839D6E /* XCRemoteSwiftPackageReference "firebase-ios-sdk" */;
			productName = FirebaseInstallations;
		};
		8E816BAD2B87E42D00839D6E /* FirebaseMLModelDownloader */ = {
			isa = XCSwiftPackageProductDependency;
			package = 8E816B842B87E42D00839D6E /* XCRemoteSwiftPackageReference "firebase-ios-sdk" */;
			productName = FirebaseMLModelDownloader;
		};
		8E816BAF2B87E42D00839D6E /* FirebaseMessaging */ = {
			isa = XCSwiftPackageProductDependency;
			package = 8E816B842B87E42D00839D6E /* XCRemoteSwiftPackageReference "firebase-ios-sdk" */;
			productName = FirebaseMessaging;
		};
		8E816BB12B87E42D00839D6E /* FirebasePerformance */ = {
			isa = XCSwiftPackageProductDependency;
			package = 8E816B842B87E42D00839D6E /* XCRemoteSwiftPackageReference "firebase-ios-sdk" */;
			productName = FirebasePerformance;
		};
		8E816BB32B87E42D00839D6E /* FirebaseRemoteConfig */ = {
			isa = XCSwiftPackageProductDependency;
			package = 8E816B842B87E42D00839D6E /* XCRemoteSwiftPackageReference "firebase-ios-sdk" */;
			productName = FirebaseRemoteConfig;
		};
		8E816BB52B87E42D00839D6E /* FirebaseRemoteConfigSwift */ = {
			isa = XCSwiftPackageProductDependency;
			package = 8E816B842B87E42D00839D6E /* XCRemoteSwiftPackageReference "firebase-ios-sdk" */;
			productName = FirebaseRemoteConfigSwift;
		};
		8E816BB72B87E42D00839D6E /* FirebaseStorage */ = {
			isa = XCSwiftPackageProductDependency;
			package = 8E816B842B87E42D00839D6E /* XCRemoteSwiftPackageReference "firebase-ios-sdk" */;
			productName = FirebaseStorage;
		};
		8E816BB92B87E42D00839D6E /* FirebaseStorageCombine-Community */ = {
			isa = XCSwiftPackageProductDependency;
			package = 8E816B842B87E42D00839D6E /* XCRemoteSwiftPackageReference "firebase-ios-sdk" */;
			productName = "FirebaseStorageCombine-Community";
		};
		8E816BBB2B87E49500839D6E /* FirebaseAuth */ = {
			isa = XCSwiftPackageProductDependency;
			package = 8E816B842B87E42D00839D6E /* XCRemoteSwiftPackageReference "firebase-ios-sdk" */;
			productName = FirebaseAuth;
		};
/* End XCSwiftPackageProductDependency section */
	};
	rootObject = 5D2E6FD02B6C45F700DD5768 /* Project object */;
}
